
Microsoft Visual Studio Solution File, Format Version 12.00
# Visual Studio 14
VisualStudioVersion = 14.0.25420.1
MinimumVisualStudioVersion = 10.0.40219.1
Project("{FAE04EC0-301F-11D3-BF4B-00C04F79EFBC}") = "Bai1", "Bai1\Bai1.csproj", "{FA3B026D-C060-4C9E-ADF2-DD142489F82C}"
EndProject
Project("{FAE04EC0-301F-11D3-BF4B-00C04F79EFBC}") = "Bai2", "Bai2\Bai2.csproj", "{8F6CAF34-DBFD-49D8-8B32-D5C146FE33A8}"
EndProject
Global
	GlobalSection(SolutionConfigurationPlatforms) = preSolution
		Debug|Any CPU = Debug|Any CPU
		Release|Any CPU = Release|Any CPU
	EndGlobalSection
	GlobalSection(ProjectConfigurationPlatforms) = postSolution
		{FA3B026D-C060-4C9E-ADF2-DD142489F82C}.Debug|Any CPU.ActiveCfg = Debug|Any CPU
		{FA3B026D-C060-4C9E-ADF2-DD142489F82C}.Debug|Any CPU.Build.0 = Debug|Any CPU
		{FA3B026D-C060-4C9E-ADF2-DD142489F82C}.Release|Any CPU.ActiveCfg = Release|Any CPU
		{FA3B026D-C060-4C9E-ADF2-DD142489F82C}.Release|Any CPU.Build.0 = Release|Any CPU
		{8F6CAF34-DBFD-49D8-8B32-D5C146FE33A8}.Debug|Any CPU.ActiveCfg = Debug|Any CPU
		{8F6CAF34-DBFD-49D8-8B32-D5C146FE33A8}.Debug|Any CPU.Build.0 = Debug|Any CPU
		{8F6CAF34-DBFD-49D8-8B32-D5C146FE33A8}.Release|Any CPU.ActiveCfg = Release|Any CPU
		{8F6CAF34-DBFD-49D8-8B32-D5C146FE33A8}.Release|Any CPU.Build.0 = Release|Any CPU
	EndGlobalSection
	GlobalSection(SolutionProperties) = preSolution
		HideSolutionNode = FALSE
	EndGlobalSection
EndGlobal
